{
	"name": "@msrvida/sanddance-embed",
	"version": "3.0.0-alpha.1",
	"lockfileVersion": 1,
	"requires": true,
	"dependencies": {
		"@danmarshall/deckgl-typings": {
			"version": "4.9.27",
			"resolved": "https://registry.npmjs.org/@danmarshall/deckgl-typings/-/deckgl-typings-4.9.27.tgz",
			"integrity": "sha512-1grsJ0iTVSe5hNBv8ouy+AxvbDIR/X+PZFd23erEfJ8PBhH1aVHSBz+Y/421oODrx8j1VUyVB/F4vhnhANZzHA==",
			"requires": {
				"@types/hammerjs": "^2.0.36",
				"@types/react": "*",
				"indefinitely-typed": "^1.1.0"
			}
		},
		"@fluentui/date-time-utilities": {
			"version": "7.9.1",
			"resolved": "https://registry.npmjs.org/@fluentui/date-time-utilities/-/date-time-utilities-7.9.1.tgz",
			"integrity": "sha512-o8iU1VIY+QsqVRWARKiky29fh4KR1xaKSgMClXIi65qkt8EDDhjmlzL0KVDEoDA2GWukwb/1PpaVCWDg4v3cUQ==",
			"requires": {
				"@uifabric/set-version": "^7.0.24",
				"tslib": "^1.10.0"
			}
		},
		"@fluentui/dom-utilities": {
			"version": "1.1.2",
			"resolved": "https://registry.npmjs.org/@fluentui/dom-utilities/-/dom-utilities-1.1.2.tgz",
			"integrity": "sha512-XqPS7l3YoMwxdNlaYF6S2Mp0K3FmVIOIy2K3YkMc+eRxu9wFK6emr2Q/3rBhtG5u/On37NExRT7/5CTLnoi9gw==",
			"requires": {
				"@uifabric/set-version": "^7.0.24",
				"tslib": "^1.10.0"
			}
		},
		"@fluentui/keyboard-key": {
			"version": "0.2.17",
			"resolved": "https://registry.npmjs.org/@fluentui/keyboard-key/-/keyboard-key-0.2.17.tgz",
			"integrity": "sha512-iT1bU56rKrKEOfODoW6fScY11qj3iaYrZ+z11T6fo5+TDm84UGkkXjLXJTE57ZJzg0/gbccHQWYv+chY7bJN8Q==",
			"requires": {
				"tslib": "^1.10.0"
			}
		},
		"@fluentui/react": {
			"version": "7.204.0",
			"resolved": "https://registry.npmjs.org/@fluentui/react/-/react-7.204.0.tgz",
			"integrity": "sha512-WQKHcO6cboGO0eCPsiNSzUwnMWBmAvdltu4X0tvXwb+q8W3wZzCQiU1voDVYNm4Nz/Jgiiy8jbMcesmNAq7jsw==",
			"requires": {
				"@uifabric/set-version": "^7.0.24",
				"office-ui-fabric-react": "^7.204.0",
				"tslib": "^1.10.0"
			}
		},
		"@fluentui/react-compose": {
			"version": "0.19.24",
			"resolved": "https://registry.npmjs.org/@fluentui/react-compose/-/react-compose-0.19.24.tgz",
			"integrity": "sha512-4PO7WSIZjwBGObpknjK8d1+PhPHJGSlVSXKFHGEoBjLWVlCTMw6Xa1S4+3K6eE3TEBbe9rsqwwocMTFHjhWwtQ==",
			"requires": {
				"@types/classnames": "^2.2.9",
				"@uifabric/set-version": "^7.0.24",
				"@uifabric/utilities": "^7.38.2",
				"classnames": "^2.2.6",
				"tslib": "^1.10.0"
			}
		},
		"@fluentui/react-focus": {
			"version": "7.18.17",
			"resolved": "https://registry.npmjs.org/@fluentui/react-focus/-/react-focus-7.18.17.tgz",
			"integrity": "sha512-W+sLIhX7wLzMsJ0jhBrDAblkG3DNbRbF8UoSieRVdAAm7xVf5HpiwJ6tb6nGqcFOnpRh8y+fjyVM+dV3K6GNHA==",
			"requires": {
				"@fluentui/keyboard-key": "^0.2.12",
				"@uifabric/merge-styles": "^7.20.2",
				"@uifabric/set-version": "^7.0.24",
				"@uifabric/styling": "^7.25.1",
				"@uifabric/utilities": "^7.38.2",
				"tslib": "^1.10.0"
			}
		},
		"@fluentui/react-stylesheets": {
			"version": "0.2.9",
			"resolved": "https://registry.npmjs.org/@fluentui/react-stylesheets/-/react-stylesheets-0.2.9.tgz",
			"integrity": "sha512-6GDU/cUEG/eJ4owqQXDWPmP5L1zNh2NLEDKdEzxd7cWtGnoXLeMjbs4vF4t5wYGzGaxZmUQILOvJdgCIuc9L9Q==",
			"requires": {
				"@uifabric/set-version": "^7.0.24",
				"tslib": "^1.10.0"
			}
		},
		"@fluentui/react-theme-provider": {
			"version": "0.19.16",
			"resolved": "https://registry.npmjs.org/@fluentui/react-theme-provider/-/react-theme-provider-0.19.16.tgz",
			"integrity": "sha512-Kf7z4ZfNLS/onaFL5eQDSlizgwy2ytn6SDyjEKV+9VhxIXdDtOh8AaMXWE7dsj1cRBfBUvuGPVnsnoaGdHxJ+A==",
			"requires": {
				"@fluentui/react-compose": "^0.19.24",
				"@fluentui/react-stylesheets": "^0.2.9",
				"@fluentui/react-window-provider": "^1.0.6",
				"@fluentui/theme": "^1.7.13",
				"@uifabric/merge-styles": "^7.20.2",
				"@uifabric/react-hooks": "^7.16.4",
				"@uifabric/set-version": "^7.0.24",
				"@uifabric/utilities": "^7.38.2",
				"classnames": "^2.2.6",
				"tslib": "^1.10.0"
			}
		},
		"@fluentui/react-window-provider": {
			"version": "1.0.6",
			"resolved": "https://registry.npmjs.org/@fluentui/react-window-provider/-/react-window-provider-1.0.6.tgz",
			"integrity": "sha512-m2HoxhU2m/yWxUauf79y+XZvrrWNx+bMi7ZiL6DjiAKHjTSa8KOyvicbOXd/3dvuVzOaNTnLDdZAvhRFcelOIA==",
			"requires": {
				"@uifabric/set-version": "^7.0.24",
				"tslib": "^1.10.0"
			}
		},
		"@fluentui/theme": {
			"version": "1.7.13",
			"resolved": "https://registry.npmjs.org/@fluentui/theme/-/theme-1.7.13.tgz",
			"integrity": "sha512-/1ZDHZNzV7Wgohay47DL9TAH4uuib5+B2D6Rxoc3T6ULoWcFzwLeVb+VZB/WOCTUbG+NGTrmsWPBOz5+lbuOxA==",
			"requires": {
				"@uifabric/merge-styles": "^7.20.2",
				"@uifabric/set-version": "^7.0.24",
				"@uifabric/utilities": "^7.38.2",
				"tslib": "^1.10.0"
			}
		},
		"@microsoft/load-themed-styles": {
			"version": "1.10.295",
			"resolved": "https://registry.npmjs.org/@microsoft/load-themed-styles/-/load-themed-styles-1.10.295.tgz",
			"integrity": "sha512-W+IzEBw8a6LOOfRJM02dTT7BDZijxm+Z7lhtOAz1+y9vQm1Kdz9jlAO+qCEKsfxtUOmKilW8DIRqFw2aUgKeGg=="
		},
		"@msrvida/chart-recommender": {
			"version": "3.2.0",
			"resolved": "https://registry.npmjs.org/@msrvida/chart-recommender/-/chart-recommender-3.2.0.tgz",
			"integrity": "sha512-gaT+zTdsyDNaeQDiIH+2ZrxlgYZ7kX3MkZVbKmPwvZiKZlYwMf1gCSHeTqinz3RqRn5h/azrSURZtdUX2Q8BTg==",
			"requires": {
				"@msrvida/chart-types": "^1",
				"@msrvida/sanddance-specs": "^1"
			}
		},
		"@msrvida/chart-types": {
			"version": "1.0.5",
			"resolved": "https://registry.npmjs.org/@msrvida/chart-types/-/chart-types-1.0.5.tgz",
			"integrity": "sha512-8o/tNVpqgXZbbEiRvb//L7YxmVvpuJc56Vij0+Q6tQwn5JSjI7fUTQOhlypYv1vUzkZdGIFy5qNMFdmTE4cUXA==",
			"requires": {
				"vega-typings": "0.22.3"
			}
		},
		"@msrvida/fluentui-react-cdn-typings": {
			"version": "1.0.2",
			"resolved": "https://registry.npmjs.org/@msrvida/fluentui-react-cdn-typings/-/fluentui-react-cdn-typings-1.0.2.tgz",
			"integrity": "sha512-40VL8VCDlD7ldBX3QHPEqbVk+7RkozbgOaxxNnVb4kE2y/DzQk1ioC4Z4XGxi0cSZAlTboEeygBQBS7JKE8Xtw==",
			"requires": {
				"@fluentui/react": "^7.150.0"
			}
		},
		"@msrvida/sanddance": {
			"version": "3.2.1",
			"resolved": "https://registry.npmjs.org/@msrvida/sanddance/-/sanddance-3.2.1.tgz",
			"integrity": "sha512-2bjzZ+W9H9lTV/LEeuvCQ7AqWbCAg/zdDaJf8P+wd8F1oFqGp2fIWDZeRNEeYWzDiAeMDjpBJ1vOMSFvarup+A==",
			"requires": {
				"@msrvida/chart-types": "^1",
				"@msrvida/sanddance-specs": "^1",
				"@msrvida/search-expression": "^1",
				"@msrvida/vega-deck.gl": "^3",
				"vega-typings": "^0.19.0"
			},
			"dependencies": {
				"vega-typings": {
					"version": "0.19.2",
					"resolved": "https://registry.npmjs.org/vega-typings/-/vega-typings-0.19.2.tgz",
					"integrity": "sha512-YU/S9rDk4d+t4+4eTa9fzuw87PMNteeVtpcL51kUO8H7HvGaoW7ll8RHKLkR0NYBEGPRoFDKUxnoyMvhgjsdYw==",
					"requires": {
						"vega-util": "^1.15.2"
					}
				}
			}
		},
		"@msrvida/sanddance-explorer": {
			"version": "3.2.0",
			"resolved": "https://registry.npmjs.org/@msrvida/sanddance-explorer/-/sanddance-explorer-3.2.0.tgz",
			"integrity": "sha512-tFgDXnay6xt0XkIbtU6H4WGAFLY6Y0TkvLvrEtDzE2XY8wO+n2KVYTWm8Y1U+354PvQO3uYnPxT2NKzM1i+Q9w==",
			"requires": {
				"@msrvida/chart-recommender": "^3",
				"@msrvida/fluentui-react-cdn-typings": "^1",
				"@msrvida/sanddance-react": "^3",
				"d3-format": "^1.3.2"
			}
		},
		"@msrvida/sanddance-react": {
			"version": "3.0.1",
			"resolved": "https://registry.npmjs.org/@msrvida/sanddance-react/-/sanddance-react-3.0.1.tgz",
			"integrity": "sha512-Wk0X6erEfoEt2qRfnagUvwrIa6oDJUX8cpbKW+acLyclOpZBMzZFBuzMKhEqjXweGFQgwyaqP8Jl/yl5zBdbJQ==",
			"requires": {
				"@msrvida/sanddance": "^3",
				"just-compare": "^1.3.0"
			}
		},
		"@msrvida/sanddance-specs": {
			"version": "1.7.0",
			"resolved": "https://registry.npmjs.org/@msrvida/sanddance-specs/-/sanddance-specs-1.7.0.tgz",
			"integrity": "sha512-eoNIkGbJ8KLQIbSDWyiwylaP7hSv9GgbyovtCLrlM2Fp/c/rFPaSaELMIfqhL0YPHzSgZ3xV7oyVAXpx1YnWiQ==",
			"requires": {
				"@msrvida/chart-types": "^1",
				"@msrvida/search-expression": "^1",
				"d3-color": "^3.1.0",
				"vega-typings": "0.22.3"
			}
		},
		"@msrvida/search-expression": {
			"version": "1.0.2",
			"resolved": "https://registry.npmjs.org/@msrvida/search-expression/-/search-expression-1.0.2.tgz",
			"integrity": "sha512-QSoSks1PK6gLlZasZvHhZ4vFkqA9H3uVC8ZzO/r1r9bSmKhBJ2j9UlLzm/eRunfXVWjz0e5X7zd9q5ezjlVU2A==",
			"requires": {
				"@msrvida/chart-types": "^1",
				"vega-typings": "0.22.3"
			}
		},
		"@msrvida/vega-deck.gl": {
			"version": "3.3.4",
			"resolved": "https://registry.npmjs.org/@msrvida/vega-deck.gl/-/vega-deck.gl-3.3.4.tgz",
			"integrity": "sha512-ISiERBmHfUqkOPn+Oag7WJmQ2DHj9rAeiMPr5aBuWDOIsnrl26tX3rzv6ZTUTr7c3j325VsdzmK+/fAYwqX53A==",
			"requires": {
				"@danmarshall/deckgl-typings": "^4.1.11",
				"@msrvida/chart-types": "^1",
				"d3-color": "^3.1.0",
				"d3-ease": "^1.0.5",
				"deepmerge": "^2.1.1",
				"tsx-create-element": "^2.2.9",
				"vega-typings": "0.22.3"
			}
		},
		"@types/classnames": {
			"version": "2.3.1",
			"resolved": "https://registry.npmjs.org/@types/classnames/-/classnames-2.3.1.tgz",
			"integrity": "sha512-zeOWb0JGBoVmlQoznvqXbE0tEC/HONsnoUNH19Hc96NFsTAwTXbTqb8FMYkru1F/iqp7a18Ws3nWJvtA1sHD1A==",
			"requires": {
				"classnames": "*"
			}
		},
		"@types/estree": {
			"version": "0.0.50",
			"resolved": "https://registry.npmjs.org/@types/estree/-/estree-0.0.50.tgz",
			"integrity": "sha512-C6N5s2ZFtuZRj54k2/zyRhNDjJwwcViAM3Nbm8zjBpbqAdZ00mr0CFxvSKeO8Y/e03WVFLpQMdHYVfUd6SB+Hw=="
		},
		"@types/hammerjs": {
			"version": "2.0.41",
			"resolved": "https://registry.npmjs.org/@types/hammerjs/-/hammerjs-2.0.41.tgz",
			"integrity": "sha512-ewXv/ceBaJprikMcxCmWU1FKyMAQ2X7a9Gtmzw8fcg2kIePI1crERDM818W+XYrxqdBBOdlf2rm137bU+BltCA=="
		},
		"@types/node": {
			"version": "13.7.4",
			"resolved": "https://registry.npmjs.org/@types/node/-/node-13.7.4.tgz",
			"integrity": "sha512-oVeL12C6gQS/GAExndigSaLxTrKpQPxewx9bOcwfvJiJge4rr7wNaph4J+ns5hrmIV2as5qxqN8YKthn9qh0jw==",
			"dev": true
		},
		"@types/prop-types": {
			"version": "15.7.3",
			"resolved": "https://registry.npmjs.org/@types/prop-types/-/prop-types-15.7.3.tgz",
			"integrity": "sha512-KfRL3PuHmqQLOG+2tGpRO26Ctg+Cq1E01D2DMriKEATHgWLfeNDmq9e29Q9WIky0dQ3NPkd1mzYH8Lm936Z9qw=="
		},
		"@types/react": {
			"version": "16.9.21",
			"resolved": "https://registry.npmjs.org/@types/react/-/react-16.9.21.tgz",
			"integrity": "sha512-xpmenCMeBwJRct8vmIfczlgdOXWIWASoOM857kxKfHlVQvDltRh7IFRVfGws79iO2jkNPXOeWREyKoClzhBaQA==",
			"requires": {
				"@types/prop-types": "*",
				"csstype": "^2.2.0"
			}
		},
		"@types/react-dom": {
			"version": "16.0.6",
			"resolved": "https://registry.npmjs.org/@types/react-dom/-/react-dom-16.0.6.tgz",
			"integrity": "sha512-M+1zmwa5KxUpkCuxA4whlDJKYTGNvNQW4pIoCLH16xGbClicD9CzPry4y94kTjCCk/bJZCZ/GVqUsP7eKcO/mQ==",
			"dev": true,
			"requires": {
				"@types/node": "*",
				"@types/react": "*"
			}
		},
		"@uifabric/foundation": {
			"version": "7.10.16",
			"resolved": "https://registry.npmjs.org/@uifabric/foundation/-/foundation-7.10.16.tgz",
			"integrity": "sha512-x13xS9aKh6FEWsyQP2jrjyiXmUUdgyuAfWKMLhUTK4Rsc+vJANwwVk4fqGsU021WA6pghcIirvEVpWf5MlykDQ==",
			"requires": {
				"@uifabric/merge-styles": "^7.20.2",
				"@uifabric/set-version": "^7.0.24",
				"@uifabric/styling": "^7.25.1",
				"@uifabric/utilities": "^7.38.2",
				"tslib": "^1.10.0"
			}
		},
		"@uifabric/icons": {
			"version": "7.9.5",
			"resolved": "https://registry.npmjs.org/@uifabric/icons/-/icons-7.9.5.tgz",
			"integrity": "sha512-0e2fEURtR7sNqoGr9gU/pzcOp24B/Lkdc05s1BSnIgXlaL2QxRszfaEsl3/E9vsNmqA3tvRwDJWbtRolDbjCpQ==",
			"requires": {
				"@uifabric/set-version": "^7.0.24",
				"@uifabric/styling": "^7.25.1",
				"@uifabric/utilities": "^7.38.2",
				"tslib": "^1.10.0"
			}
		},
		"@uifabric/merge-styles": {
			"version": "7.20.2",
			"resolved": "https://registry.npmjs.org/@uifabric/merge-styles/-/merge-styles-7.20.2.tgz",
			"integrity": "sha512-cJy8hW9smlWOKgz9xSDMCz/A0yMl4mdo466pcGlIOn84vz+e94grfA7OoTuTzg3Cl0Gj6ODBSf1o0ZwIXYL1Xg==",
			"requires": {
				"@uifabric/set-version": "^7.0.24",
				"tslib": "^1.10.0"
			}
		},
		"@uifabric/react-hooks": {
			"version": "7.16.4",
			"resolved": "https://registry.npmjs.org/@uifabric/react-hooks/-/react-hooks-7.16.4.tgz",
			"integrity": "sha512-k8RJYTMICWA6varT5Y+oCf2VDHHXN0tC2GuPD4I2XqYCTLaXtNCm4+dMcVA2x8mv1HIO7khvm/8aqKheU/tDfQ==",
			"requires": {
				"@fluentui/react-window-provider": "^1.0.6",
				"@uifabric/set-version": "^7.0.24",
				"@uifabric/utilities": "^7.38.2",
				"tslib": "^1.10.0"
			}
		},
		"@uifabric/set-version": {
			"version": "7.0.24",
			"resolved": "https://registry.npmjs.org/@uifabric/set-version/-/set-version-7.0.24.tgz",
			"integrity": "sha512-t0Pt21dRqdC707/ConVJC0WvcQ/KF7tKLU8AZY7YdjgJpMHi1c0C427DB4jfUY19I92f60LOQyhJ4efH+KpFEg==",
			"requires": {
				"tslib": "^1.10.0"
			}
		},
		"@uifabric/styling": {
			"version": "7.25.1",
			"resolved": "https://registry.npmjs.org/@uifabric/styling/-/styling-7.25.1.tgz",
			"integrity": "sha512-bd4QDYyb0AS0+KmzrB8VsAfOkxZg0dpEpF1YN5Ben10COmT8L1DoE4bEF5NvybHEaoTd3SKxpJ42m+ceNzehSw==",
			"requires": {
				"@fluentui/theme": "^1.7.13",
				"@microsoft/load-themed-styles": "^1.10.26",
				"@uifabric/merge-styles": "^7.20.2",
				"@uifabric/set-version": "^7.0.24",
				"@uifabric/utilities": "^7.38.2",
				"tslib": "^1.10.0"
			}
		},
		"@uifabric/utilities": {
			"version": "7.38.2",
			"resolved": "https://registry.npmjs.org/@uifabric/utilities/-/utilities-7.38.2.tgz",
			"integrity": "sha512-5yM4sm142VEBg3/Q5SFheBXqnrZi9CNF5rjHNoex0GgGtG3AHPuS7U8gjm+/Io1MvbuCrn6lyyIw0MDvh1Ebkw==",
			"requires": {
				"@fluentui/dom-utilities": "^1.1.2",
				"@uifabric/merge-styles": "^7.20.2",
				"@uifabric/set-version": "^7.0.24",
				"prop-types": "^15.7.2",
				"tslib": "^1.10.0"
			}
		},
		"classnames": {
			"version": "2.3.2",
			"resolved": "https://registry.npmjs.org/classnames/-/classnames-2.3.2.tgz",
			"integrity": "sha512-CSbhY4cFEJRe6/GQzIk5qXZ4Jeg5pcsP7b5peFSDpffpe1cqjASH/n9UTjBwOp6XpMSTwQ8Za2K5V02ueA7Tmw=="
		},
		"csstype": {
			"version": "2.6.9",
			"resolved": "https://registry.npmjs.org/csstype/-/csstype-2.6.9.tgz",
			"integrity": "sha512-xz39Sb4+OaTsULgUERcCk+TJj8ylkL4aSVDQiX/ksxbELSqwkgt4d4RD7fovIdgJGSuNYqwZEiVjYY5l0ask+Q=="
		},
		"d3-color": {
			"version": "3.1.0",
			"resolved": "https://registry.npmjs.org/d3-color/-/d3-color-3.1.0.tgz",
			"integrity": "sha512-zg/chbXyeBtMQ1LbD/WSoW2DpC3I0mpmPdW+ynRTj/x2DAWYrIY7qeZIHidozwV24m4iavr15lNwIwLxRmOxhA=="
		},
		"d3-ease": {
			"version": "1.0.7",
			"resolved": "https://registry.npmjs.org/d3-ease/-/d3-ease-1.0.7.tgz",
			"integrity": "sha512-lx14ZPYkhNx0s/2HX5sLFUI3mbasHjSSpwO/KaaNACweVwxUruKyWVcb293wMv1RqTPZyZ8kSZ2NogUZNcLOFQ=="
		},
		"d3-format": {
			"version": "1.4.5",
			"resolved": "https://registry.npmjs.org/d3-format/-/d3-format-1.4.5.tgz",
			"integrity": "sha512-J0piedu6Z8iB6TbIGfZgDzfXxUFN3qQRMofy2oPdXzQibYGqPB/9iMcxr/TGalU+2RsyDO+U4f33id8tbnSRMQ=="
		},
		"deepmerge": {
			"version": "2.2.1",
			"resolved": "https://registry.npmjs.org/deepmerge/-/deepmerge-2.2.1.tgz",
			"integrity": "sha512-R9hc1Xa/NOBi9WRVUWg19rl1UB7Tt4kuPd+thNJgFZoxXsTz7ncaPaeIm+40oSGuP33DfMb4sZt1QIGiJzC4EA=="
		},
		"fs-extra": {
			"version": "7.0.1",
			"resolved": "https://registry.npmjs.org/fs-extra/-/fs-extra-7.0.1.tgz",
			"integrity": "sha512-YJDaCJZEnBmcbw13fvdAM9AwNOJwOzrE4pqMqBq5nFiEqXUqHwlK4B+3pUw6JNvfSPtX05xFHtYy/1ni01eGCw==",
			"requires": {
				"graceful-fs": "^4.1.2",
				"jsonfile": "^4.0.0",
				"universalify": "^0.1.0"
			}
		},
		"graceful-fs": {
			"version": "4.2.10",
			"resolved": "https://registry.npmjs.org/graceful-fs/-/graceful-fs-4.2.10.tgz",
			"integrity": "sha512-9ByhssR2fPVsNZj478qUUbKfmL0+t5BDVyjShtyZZLiK7ZDAArFFfopyOTj0M05wE2tJPisA4iTnnXl2YoPvOA=="
		},
		"html-tags": {
			"version": "2.0.0",
			"resolved": "https://registry.npmjs.org/html-tags/-/html-tags-2.0.0.tgz",
			"integrity": "sha512-+Il6N8cCo2wB/Vd3gqy/8TZhTD3QvcVeQLCnZiGkGCH3JP28IgGAY41giccp2W4R3jfyJPAP318FQTa1yU7K7g=="
		},
		"indefinitely-typed": {
			"version": "1.1.0",
			"resolved": "https://registry.npmjs.org/indefinitely-typed/-/indefinitely-typed-1.1.0.tgz",
			"integrity": "sha512-giaI0hCj+wWZIZZLsmWHI+LrM4Hwc+rEZ/VrgCafKePcnE42fLnQTFt4xspqLin8fCjI5WnQr2fep/0EFqjaxw==",
			"requires": {
				"fs-extra": "^7.0.0",
				"minimist": "^1.2.5"
			}
		},
		"js-tokens": {
			"version": "4.0.0",
			"resolved": "https://registry.npmjs.org/js-tokens/-/js-tokens-4.0.0.tgz",
			"integrity": "sha512-RdJUflcE3cUzKiMqQgsCu06FPu9UdIJO0beYbPhHN4k6apgJtifcoCtT9bcxOpYBtpD2kCM6Sbzg4CausW/PKQ=="
		},
		"jsonfile": {
			"version": "4.0.0",
			"resolved": "https://registry.npmjs.org/jsonfile/-/jsonfile-4.0.0.tgz",
			"integrity": "sha512-m6F1R3z8jjlf2imQHS2Qez5sjKWQzbuuhuJ/FKYFRZvPE3PuHcSMVZzfsLhGVOkfd20obL5SWEBew5ShlquNxg==",
			"requires": {
				"graceful-fs": "^4.1.6"
			}
		},
		"just-compare": {
			"version": "1.5.1",
			"resolved": "https://registry.npmjs.org/just-compare/-/just-compare-1.5.1.tgz",
			"integrity": "sha512-xDEEFHNIyJNmN4uo/2RVeUcay9THtN/5ka/iw98Y/gsa8w9KXZQuyaf5eFUY6VlntA2+G+bdPmdhqqTs7T+BRw=="
		},
		"loose-envify": {
			"version": "1.4.0",
			"resolved": "https://registry.npmjs.org/loose-envify/-/loose-envify-1.4.0.tgz",
			"integrity": "sha512-lyuxPGr/Wfhrlem2CL/UcnUc1zcqKAImBDzukY7Y5F/yQiNdko6+fRLevlw1HgMySw7f611UIY408EtxRSoK3Q==",
			"requires": {
				"js-tokens": "^3.0.0 || ^4.0.0"
			}
		},
		"minimist": {
			"version": "1.2.8",
			"resolved": "https://registry.npmjs.org/minimist/-/minimist-1.2.8.tgz",
			"integrity": "sha512-2yyAR8qBkN3YuheJanUpWC5U3bb5osDywNB8RzDVlDwDHbocAJveqqj1u8+SVD7jkWT4yvsHCpWqqWqAxb0zCA=="
		},
		"object-assign": {
			"version": "4.1.1",
			"resolved": "https://registry.npmjs.org/object-assign/-/object-assign-4.1.1.tgz",
			"integrity": "sha512-rJgTQnkUnH1sFw8yT6VSU3zD3sWmu6sZhIseY8VX+GRu3P6F7Fu+JNDoXfklElbLJSnc3FUQHVe4cU5hj+BcUg=="
		},
		"office-ui-fabric-react": {
			"version": "7.204.0",
			"resolved": "https://registry.npmjs.org/office-ui-fabric-react/-/office-ui-fabric-react-7.204.0.tgz",
			"integrity": "sha512-W1xIsYEwxPrGYojvVtGTGvSfdnUoPEm8w6hhMlW/uFr5YwIB1isG/dVk4IZxWbcbea7612u059p+jRf+RjPW0w==",
			"requires": {
				"@fluentui/date-time-utilities": "^7.9.1",
				"@fluentui/react-focus": "^7.18.17",
				"@fluentui/react-theme-provider": "^0.19.16",
				"@fluentui/react-window-provider": "^1.0.6",
				"@fluentui/theme": "^1.7.13",
				"@microsoft/load-themed-styles": "^1.10.26",
				"@uifabric/foundation": "^7.10.16",
				"@uifabric/icons": "^7.9.5",
				"@uifabric/merge-styles": "^7.20.2",
				"@uifabric/react-hooks": "^7.16.4",
				"@uifabric/set-version": "^7.0.24",
				"@uifabric/styling": "^7.25.1",
				"@uifabric/utilities": "^7.38.2",
				"prop-types": "^15.7.2",
				"tslib": "^1.10.0"
			}
		},
		"prop-types": {
			"version": "15.8.1",
			"resolved": "https://registry.npmjs.org/prop-types/-/prop-types-15.8.1.tgz",
			"integrity": "sha512-oj87CgZICdulUohogVAR7AjlC0327U4el4L6eAvOqCeudMDVU0NThNaV+b9Df4dXgSP1gXMTnPdhfe/2qDH5cg==",
			"requires": {
				"loose-envify": "^1.4.0",
				"object-assign": "^4.1.1",
				"react-is": "^16.13.1"
			}
		},
		"react-is": {
			"version": "16.13.1",
			"resolved": "https://registry.npmjs.org/react-is/-/react-is-16.13.1.tgz",
			"integrity": "sha512-24e6ynE2H+OKt4kqsOvNd8kBpV65zoxbA4BVsEOB3ARVWQki/DHzaUoC5KuON/BiccDaCCTZBuOcfZs70kR8bQ=="
		},
		"svg-tags": {
			"version": "1.0.0",
			"resolved": "https://registry.npmjs.org/svg-tags/-/svg-tags-1.0.0.tgz",
			"integrity": "sha512-ovssysQTa+luh7A5Weu3Rta6FJlFBBbInjOh722LIt6klpU2/HtdUbszju/G4devcvk8PGt7FCLv5wftu3THUA=="
		},
		"tslib": {
			"version": "1.14.1",
			"resolved": "https://registry.npmjs.org/tslib/-/tslib-1.14.1.tgz",
			"integrity": "sha512-Xni35NKzjgMrwevysHTCArtLDpPvye8zV/0E4EyYn43P7/7qvQwPh9BGkHewbMulVntbigmcT7rdX3BNo9wRJg=="
		},
		"tsx-create-element": {
			"version": "2.2.9",
			"resolved": "https://registry.npmjs.org/tsx-create-element/-/tsx-create-element-2.2.9.tgz",
			"integrity": "sha512-js7JYdOGlGKvMnzsP02G+d0k3G1vxBJ61X7mgc2IUbntjf060fUCX/J2IQtK/vK4NO9LU4mwyw/eJH81hWW+xQ==",
			"requires": {
				"html-tags": "^2.0.0",
				"svg-tags": "^1.0.0"
			}
		},
		"universalify": {
			"version": "0.1.2",
			"resolved": "https://registry.npmjs.org/universalify/-/universalify-0.1.2.tgz",
			"integrity": "sha512-rBJeI5CXAlmy1pV+617WB9J63U6XcazHHF2f2dbJix4XzpUF0RS3Zbj0FGIOCAva5P/d/GBOYaACQ1w+0azUkg=="
		},
		"vega-event-selector": {
			"version": "3.0.0",
			"resolved": "https://registry.npmjs.org/vega-event-selector/-/vega-event-selector-3.0.0.tgz",
			"integrity": "sha512-Gls93/+7tEJGE3kUuUnxrBIxtvaNeF01VIFB2Q2Of2hBIBvtHX74jcAdDtkh5UhhoYGD8Q1J30P5cqEBEwtPoQ=="
		},
		"vega-expression": {
			"version": "5.0.0",
			"resolved": "https://registry.npmjs.org/vega-expression/-/vega-expression-5.0.0.tgz",
			"integrity": "sha512-y5+c2frq0tGwJ7vYXzZcfVcIRF/QGfhf2e+bV1Z0iQs+M2lI1II1GPDdmOcMKimpoCVp/D61KUJDIGE1DSmk2w==",
			"requires": {
				"@types/estree": "^0.0.50",
				"vega-util": "^1.16.0"
			}
		},
		"vega-typings": {
			"version": "0.22.3",
			"resolved": "https://registry.npmjs.org/vega-typings/-/vega-typings-0.22.3.tgz",
			"integrity": "sha512-PREcya3nXT9Tk7xU0IhEpOLVTlqizNtKXV55NhI6ApBjJtqVYbJL7IBh2ckKxGBy3YeUQ37BQZl56UqqiYVWBw==",
			"requires": {
				"vega-event-selector": "^3.0.0",
				"vega-expression": "^5.0.0",
				"vega-util": "^1.15.2"
			}
		},
		"vega-util": {
			"version": "1.17.0",
			"resolved": "https://registry.npmjs.org/vega-util/-/vega-util-1.17.0.tgz",
			"integrity": "sha512-HTaydZd9De3yf+8jH66zL4dXJ1d1p5OIFyoBzFiOli4IJbwkL1jrefCKz6AHDm1kYBzDJ0X4bN+CzZSCTvNk1w=="
		}
	}
}
